
Microsoft Visual Studio Solution File, Format Version 12.00
# Visual Studio Version 17
VisualStudioVersion = 17.8.34511.84
MinimumVisualStudioVersion = 10.0.40219.1
Project("{FAE04EC0-301F-11D3-BF4B-00C04F79EFBC}") = "ToilHead", "ToilHead\ToilHead.csproj", "{58340F9E-896D-4A87-90BF-DF599BDD0ED2}"
EndProject
Global
	GlobalSection(SolutionConfigurationPlatforms) = preSolution
		Debug|Any CPU = Debug|Any CPU
		Release|Any CPU = Release|Any CPU
	EndGlobalSection
	GlobalSection(ProjectConfigurationPlatforms) = postSolution
		{58340F9E-896D-4A87-90BF-DF599BDD0ED2}.Debug|Any CPU.ActiveCfg = Debug|Any CPU
		{58340F9E-896D-4A87-90BF-DF599BDD0ED2}.Debug|Any CPU.Build.0 = Debug|Any CPU
		{58340F9E-896D-4A87-90BF-DF599BDD0ED2}.Release|Any CPU.ActiveCfg = Release|Any CPU
		{58340F9E-896D-4A87-90BF-DF599BDD0ED2}.Release|Any CPU.Build.0 = Release|Any CPU
	EndGlobalSection
	GlobalSection(SolutionProperties) = preSolution
		HideSolutionNode = FALSE
	EndGlobalSection
	GlobalSection(ExtensibilityGlobals) = postSolution
		SolutionGuid = {9FEAAB6A-2702-4C8F-BB95-1CD0013842BB}
	EndGlobalSection
EndGlobal
